
Microsoft Visual Studio Solution File, Format Version 12.00
# Visual Studio 2013
VisualStudioVersion = 12.0.30501.0
MinimumVisualStudioVersion = 10.0.40219.1
Project("{FAE04EC0-301F-11D3-BF4B-00C04F79EFBC}") = "Engi3675Project1", "Engi-3675 Project 1\Engi3675Project1.csproj", "{3100F92F-3875-487B-9C18-F97D6132BA2C}"
EndProject
Project("{7CF6DF6D-3B04-46F8-A40B-537D21BCA0B4}") = "Documentation1", "Documentation1\Documentation1.shfbproj", "{CF9B35AD-9FA0-488A-8A43-8117BACABE34}"
EndProject
Project("{FAE04EC0-301F-11D3-BF4B-00C04F79EFBC}") = "MStest", "MStest\MStest.csproj", "{6789100E-80DD-4727-9CCE-127A50B6EC06}"
EndProject
Global
	GlobalSection(TeamFoundationVersionControl) = preSolution
		SccNumberOfProjects = 4
		SccEnterpriseProvider = {4CA58AB2-18FA-4F8D-95D4-32DDF27D184C}
		SccTeamFoundationServer = https://mrrobbyrne.visualstudio.com/defaultcollection
		SccLocalPath0 = .
		SccProjectUniqueName1 = Documentation1\\Documentation1.shfbproj
		SccProjectName1 = Documentation1
		SccLocalPath1 = Documentation1
		SccProjectUniqueName2 = MStest\\MStest.csproj
		SccProjectName2 = MStest
		SccLocalPath2 = MStest
		SccProjectUniqueName3 = Engi-3675\u0020Project\u00201\\Engi3675Project1.csproj
		SccProjectName3 = Engi-3675\u0020Project\u00201
		SccLocalPath3 = Engi-3675\u0020Project\u00201
	EndGlobalSection
	GlobalSection(SolutionConfigurationPlatforms) = preSolution
		Debug|Any CPU = Debug|Any CPU
		Release|Any CPU = Release|Any CPU
	EndGlobalSection
	GlobalSection(ProjectConfigurationPlatforms) = postSolution
		{3100F92F-3875-487B-9C18-F97D6132BA2C}.Debug|Any CPU.ActiveCfg = Debug|Any CPU
		{3100F92F-3875-487B-9C18-F97D6132BA2C}.Debug|Any CPU.Build.0 = Debug|Any CPU
		{3100F92F-3875-487B-9C18-F97D6132BA2C}.Release|Any CPU.ActiveCfg = Release|Any CPU
		{3100F92F-3875-487B-9C18-F97D6132BA2C}.Release|Any CPU.Build.0 = Release|Any CPU
		{CF9B35AD-9FA0-488A-8A43-8117BACABE34}.Debug|Any CPU.ActiveCfg = Debug|Any CPU
		{CF9B35AD-9FA0-488A-8A43-8117BACABE34}.Debug|Any CPU.Build.0 = Debug|Any CPU
		{CF9B35AD-9FA0-488A-8A43-8117BACABE34}.Release|Any CPU.ActiveCfg = Release|Any CPU
		{CF9B35AD-9FA0-488A-8A43-8117BACABE34}.Release|Any CPU.Build.0 = Release|Any CPU
		{6789100E-80DD-4727-9CCE-127A50B6EC06}.Debug|Any CPU.ActiveCfg = Debug|Any CPU
		{6789100E-80DD-4727-9CCE-127A50B6EC06}.Debug|Any CPU.Build.0 = Debug|Any CPU
		{6789100E-80DD-4727-9CCE-127A50B6EC06}.Release|Any CPU.ActiveCfg = Release|Any CPU
		{6789100E-80DD-4727-9CCE-127A50B6EC06}.Release|Any CPU.Build.0 = Release|Any CPU
	EndGlobalSection
	GlobalSection(SolutionProperties) = preSolution
		HideSolutionNode = FALSE
	EndGlobalSection
EndGlobal
